
Microsoft Visual Studio Solution File, Format Version 12.00
# Visual Studio 15
VisualStudioVersion = 15.0.28010.2041
MinimumVisualStudioVersion = 10.0.40219.1
Project("{E24C65DC-7377-472B-9ABA-BC803B73C61A}") = "hacktoberfest-halloween-graffiti", ".", "{DA7F78C6-4EF6-457D-A1F0-891BE93047EB}"
	ProjectSection(WebsiteProperties) = preProject
		TargetFrameworkMoniker = ".NETFramework,Version%3Dv4.0"
		Debug.AspNetCompiler.VirtualPath = "/localhost_54879"
		Debug.AspNetCompiler.PhysicalPath = "..\hacktoberfest-halloween-graffiti\"
		Debug.AspNetCompiler.TargetPath = "PrecompiledWeb\localhost_54879\"
		Debug.AspNetCompiler.Updateable = "true"
		Debug.AspNetCompiler.ForceOverwrite = "true"
		Debug.AspNetCompiler.FixedNames = "false"
		Debug.AspNetCompiler.Debug = "True"
		Release.AspNetCompiler.VirtualPath = "/localhost_54879"
		Release.AspNetCompiler.PhysicalPath = "..\hacktoberfest-halloween-graffiti\"
		Release.AspNetCompiler.TargetPath = "PrecompiledWeb\localhost_54879\"
		Release.AspNetCompiler.Updateable = "true"
		Release.AspNetCompiler.ForceOverwrite = "true"
		Release.AspNetCompiler.FixedNames = "false"
		Release.AspNetCompiler.Debug = "False"
		VWDPort = "54879"
		SlnRelativePath = "..\hacktoberfest-halloween-graffiti\"
	EndProjectSection
EndProject
Global
	GlobalSection(SolutionConfigurationPlatforms) = preSolution
		Debug|Any CPU = Debug|Any CPU
	EndGlobalSection
	GlobalSection(ProjectConfigurationPlatforms) = postSolution
		{DA7F78C6-4EF6-457D-A1F0-891BE93047EB}.Debug|Any CPU.ActiveCfg = Debug|Any CPU
		{DA7F78C6-4EF6-457D-A1F0-891BE93047EB}.Debug|Any CPU.Build.0 = Debug|Any CPU
	EndGlobalSection
	GlobalSection(SolutionProperties) = preSolution
		HideSolutionNode = FALSE
	EndGlobalSection
	GlobalSection(ExtensibilityGlobals) = postSolution
		SolutionGuid = {501125D8-E878-4A29-8E89-25800EE4E6D7}
	EndGlobalSection
EndGlobal
